{
  "name": "brconcepts",
  "version": "1.0.0",
  "lockfileVersion": 1,
  "requires": true,
  "dependencies": {
    "@types/angular": {
      "version": "1.6.32",
      "resolved": "https://registry.npmjs.org/@types/angular/-/angular-1.6.32.tgz",
      "integrity": "sha512-xpx7oFBN2oQEwtD80m+aI8wpejzGvlgkgzYD+MpxFTyJtlbwUUUIaJEaEJOtgtF/9Fndt3q6W1qNGf7vO2AUjw=="
    },
    "@uirouter/core": {
      "version": "5.0.3",
      "resolved": "https://registry.npmjs.org/@uirouter/core/-/core-5.0.3.tgz",
      "integrity": "sha1-4rWx5FGQ4gxnuk4VwBPeXU4MyrM="
    },
    "angular": {
      "version": "1.6.6",
      "resolved": "https://registry.npmjs.org/angular/-/angular-1.6.6.tgz",
      "integrity": "sha1-/Vo8+0N844LYVO4BEgeXl4Uny2Q="
    },
    "angular-mocks": {
      "version": "1.6.6",
      "resolved": "https://registry.npmjs.org/angular-mocks/-/angular-mocks-1.6.6.tgz",
      "integrity": "sha1-yTAY54OMbcXOrxprz5vhPIMOpRU="
    },
    "angular-route": {
      "version": "1.6.6",
      "resolved": "https://registry.npmjs.org/angular-route/-/angular-route-1.6.6.tgz",
      "integrity": "sha1-jBF0iqGVxxexthWn50ZEK/x8YfQ="
    },
    "angular-ui-bootstrap": {
      "version": "2.5.0",
      "resolved": "https://registry.npmjs.org/angular-ui-bootstrap/-/angular-ui-bootstrap-2.5.0.tgz",
      "integrity": "sha1-L6zvuRU4ZlXcX0QVAlgDJRcjbQE="
    },
    "angular-ui-router": {
      "version": "1.0.3",
      "resolved": "https://registry.npmjs.org/angular-ui-router/-/angular-ui-router-1.0.3.tgz",
      "integrity": "sha1-vySUyq6Vw3zwGvN2HYl0fP7S20U=",
      "requires": {
        "@uirouter/core": "5.0.3"
      }
    },
    "bootstrap": {
      "version": "3.3.7",
      "resolved": "https://registry.npmjs.org/bootstrap/-/bootstrap-3.3.7.tgz",
      "integrity": "sha1-WjiTlFSfIzMIdaOxUGVldPip63E="
    },
    "font-awesome": {
      "version": "4.7.0",
      "resolved": "https://registry.npmjs.org/font-awesome/-/font-awesome-4.7.0.tgz",
      "integrity": "sha1-j6jPBBGhoxr9B7BtKQK7n8gVoTM="
    },
    "jquery": {
      "version": "3.2.1",
      "resolved": "https://registry.npmjs.org/jquery/-/jquery-3.2.1.tgz",
      "integrity": "sha1-XE2d5lKvbNCncBVKYxu6ErAVx4c="
    },
    "ng-table": {
      "version": "3.0.1",
      "resolved": "https://registry.npmjs.org/ng-table/-/ng-table-3.0.1.tgz",
      "integrity": "sha1-4O+liIfPQYBct5c4FNpQnd24k2g=",
      "requires": {
        "@types/angular": "1.6.32"
      }
    },
    "sweetalert": {
      "version": "1.1.3",
      "resolved": "https://registry.npmjs.org/sweetalert/-/sweetalert-1.1.3.tgz",
      "integrity": "sha1-0sMepJKyK2qNiHrqFZiaI4/AhK4="
    }
  }
}
